# THIS IS AN AUTOGENERATED FILE. DO NOT EDIT THIS FILE DIRECTLY.
# yarn lockfile v1


nest@^0.1.6:
  version "0.1.6"
  resolved "https://registry.yarnpkg.com/nest/-/nest-0.1.6.tgz#81aa0236f0ebc996523e5d3855c73dd382a2b255"
  integrity sha512-21378J/6pHB9EZMId5yz9DaxVj778pCHhzfXhRLLrLWZydpLgbsyxL5B5QyTSWJBk5L8XbiGgMvNZMb/qBySYg==
